PODS:
  - Alamofire (4.0.0)
  - ModelMapper (4.0.0)
  - Moya (8.0.0-beta.2):
    - Moya/Core (= 8.0.0-beta.2)
  - Moya-ModelMapper (3.1.0):
    - Moya-ModelMapper/Core (= 3.1.0)
  - Moya-ModelMapper/Core (3.1.0):
    - ModelMapper (~> 4.0.0)
    - Moya (~> 8.0.0-beta.2)
  - Moya/Core (8.0.0-beta.2):
    - Alamofire (~> 4.0.0)
    - Result
  - Result (3.0.0)

DEPENDENCIES:
  - Moya-ModelMapper (from `../`)

EXTERNAL SOURCES:
  Moya-ModelMapper:
    :path: "../"

SPEC CHECKSUMS:
  Alamofire: fef59f00388f267e52d9b432aa5d93dc97190f14
  ModelMapper: 047e26a92f48e3ac16af3ac07e8e049ecc33feae
  Moya: 920d40f738e6f4ece84010cec701bb9693be8251
  Moya-ModelMapper: 89df4e78697dce2083a5ff3ce072c2fa1432ba6c
  Result: 1b3e431f37cbcd3ad89c6aa9ab0ae55515fae3b6

PODFILE CHECKSUM: 32880e649cfc250f578660bc2f6c1c7d43eaee73

COCOAPODS: 1.1.0.beta.2
